
Microsoft Visual Studio Solution File, Format Version 12.00
# Visual Studio Version 17
VisualStudioVersion = 17.10.35027.167
MinimumVisualStudioVersion = 10.0.40219.1
Project("{2150E333-8FDC-42A3-9474-1A3956D46DE8}") = "Application", "Application", "{AF18103F-A98E-4354-BABD-0010BD51A36D}"
EndProject
Project("{2150E333-8FDC-42A3-9474-1A3956D46DE8}") = "Domain", "Domain", "{7D8C9A8A-FD62-49BD-BEE4-5ED95DD8A1DF}"
EndProject
Project("{2150E333-8FDC-42A3-9474-1A3956D46DE8}") = "Infra.Data", "Infra.Data", "{AB8ABF79-E8E3-4370-9337-0183EFE99ED8}"
EndProject
Project("{2150E333-8FDC-42A3-9474-1A3956D46DE8}") = "Infra.IOC", "Infra.IOC", "{208551AB-A4A8-4406-BCE2-785C59301E08}"
EndProject
Project("{2150E333-8FDC-42A3-9474-1A3956D46DE8}") = "Presentation", "Presentation", "{DA5626E8-B9FA-4184-B229-D28A8E3E2707}"
EndProject
Project("{9A19103F-16F7-4668-BE54-9A1E7A4F7556}") = "Hexagon.Application", "Hexagon.Application\Hexagon.Application.csproj", "{D1922BFC-4B51-4EB6-B315-4A87031EAE0D}"
EndProject
Project("{9A19103F-16F7-4668-BE54-9A1E7A4F7556}") = "Hexagon.Domain", "Hexagon.Domain\Hexagon.Domain.csproj", "{CD07280B-4597-4852-B0B2-160B5538488D}"
EndProject
Project("{9A19103F-16F7-4668-BE54-9A1E7A4F7556}") = "Hexagon.Infra.Data", "Hexagon.Infra.Data\Hexagon.Infra.Data.csproj", "{F17E9AF0-1CB2-46FB-8A0A-C0EB9685FAEE}"
EndProject
Project("{9A19103F-16F7-4668-BE54-9A1E7A4F7556}") = "Hexagon.Infra.IOC", "Hexagon.Infra.IOC\Hexagon.Infra.IOC.csproj", "{3152A4D7-A1D6-477B-81C1-C81DCA165CCE}"
EndProject
Project("{9A19103F-16F7-4668-BE54-9A1E7A4F7556}") = "Hexagon.MVC", "Hexagon.MVC\Hexagon.MVC.csproj", "{88398005-A8FD-4FB0-91E4-95E75D31D2BA}"
EndProject
Global
	GlobalSection(SolutionConfigurationPlatforms) = preSolution
		Debug|Any CPU = Debug|Any CPU
		Release|Any CPU = Release|Any CPU
	EndGlobalSection
	GlobalSection(ProjectConfigurationPlatforms) = postSolution
		{D1922BFC-4B51-4EB6-B315-4A87031EAE0D}.Debug|Any CPU.ActiveCfg = Debug|Any CPU
		{D1922BFC-4B51-4EB6-B315-4A87031EAE0D}.Debug|Any CPU.Build.0 = Debug|Any CPU
		{D1922BFC-4B51-4EB6-B315-4A87031EAE0D}.Release|Any CPU.ActiveCfg = Release|Any CPU
		{D1922BFC-4B51-4EB6-B315-4A87031EAE0D}.Release|Any CPU.Build.0 = Release|Any CPU
		{CD07280B-4597-4852-B0B2-160B5538488D}.Debug|Any CPU.ActiveCfg = Debug|Any CPU
		{CD07280B-4597-4852-B0B2-160B5538488D}.Debug|Any CPU.Build.0 = Debug|Any CPU
		{CD07280B-4597-4852-B0B2-160B5538488D}.Release|Any CPU.ActiveCfg = Release|Any CPU
		{CD07280B-4597-4852-B0B2-160B5538488D}.Release|Any CPU.Build.0 = Release|Any CPU
		{F17E9AF0-1CB2-46FB-8A0A-C0EB9685FAEE}.Debug|Any CPU.ActiveCfg = Debug|Any CPU
		{F17E9AF0-1CB2-46FB-8A0A-C0EB9685FAEE}.Debug|Any CPU.Build.0 = Debug|Any CPU
		{F17E9AF0-1CB2-46FB-8A0A-C0EB9685FAEE}.Release|Any CPU.ActiveCfg = Release|Any CPU
		{F17E9AF0-1CB2-46FB-8A0A-C0EB9685FAEE}.Release|Any CPU.Build.0 = Release|Any CPU
		{3152A4D7-A1D6-477B-81C1-C81DCA165CCE}.Debug|Any CPU.ActiveCfg = Debug|Any CPU
		{3152A4D7-A1D6-477B-81C1-C81DCA165CCE}.Debug|Any CPU.Build.0 = Debug|Any CPU
		{3152A4D7-A1D6-477B-81C1-C81DCA165CCE}.Release|Any CPU.ActiveCfg = Release|Any CPU
		{3152A4D7-A1D6-477B-81C1-C81DCA165CCE}.Release|Any CPU.Build.0 = Release|Any CPU
		{88398005-A8FD-4FB0-91E4-95E75D31D2BA}.Debug|Any CPU.ActiveCfg = Debug|Any CPU
		{88398005-A8FD-4FB0-91E4-95E75D31D2BA}.Debug|Any CPU.Build.0 = Debug|Any CPU
		{88398005-A8FD-4FB0-91E4-95E75D31D2BA}.Release|Any CPU.ActiveCfg = Release|Any CPU
		{88398005-A8FD-4FB0-91E4-95E75D31D2BA}.Release|Any CPU.Build.0 = Release|Any CPU
	EndGlobalSection
	GlobalSection(SolutionProperties) = preSolution
		HideSolutionNode = FALSE
	EndGlobalSection
	GlobalSection(NestedProjects) = preSolution
		{D1922BFC-4B51-4EB6-B315-4A87031EAE0D} = {AF18103F-A98E-4354-BABD-0010BD51A36D}
		{CD07280B-4597-4852-B0B2-160B5538488D} = {7D8C9A8A-FD62-49BD-BEE4-5ED95DD8A1DF}
		{F17E9AF0-1CB2-46FB-8A0A-C0EB9685FAEE} = {AB8ABF79-E8E3-4370-9337-0183EFE99ED8}
		{3152A4D7-A1D6-477B-81C1-C81DCA165CCE} = {208551AB-A4A8-4406-BCE2-785C59301E08}
		{88398005-A8FD-4FB0-91E4-95E75D31D2BA} = {DA5626E8-B9FA-4184-B229-D28A8E3E2707}
	EndGlobalSection
	GlobalSection(ExtensibilityGlobals) = postSolution
		SolutionGuid = {ED38265A-6E3C-4675-BA50-75F9A445BB63}
	EndGlobalSection
EndGlobal
